
Microsoft Visual Studio Solution File, Format Version 12.00
# Visual Studio Version 17
VisualStudioVersion = 17.8.34511.84
MinimumVisualStudioVersion = 10.0.40219.1
Project("{FAE04EC0-301F-11D3-BF4B-00C04F79EFBC}") = "01_Zadatak", "01_Zadatak\01_Zadatak.csproj", "{2BAA31D8-C5FF-4692-A94E-FA370501109F}"
EndProject
Project("{FAE04EC0-301F-11D3-BF4B-00C04F79EFBC}") = "02_Zadatak", "02_Zadatak\02_Zadatak.csproj", "{795D9346-D072-4B42-97E2-7EF00E0970C4}"
EndProject
Global
	GlobalSection(SolutionConfigurationPlatforms) = preSolution
		Debug|Any CPU = Debug|Any CPU
		Release|Any CPU = Release|Any CPU
	EndGlobalSection
	GlobalSection(ProjectConfigurationPlatforms) = postSolution
		{2BAA31D8-C5FF-4692-A94E-FA370501109F}.Debug|Any CPU.ActiveCfg = Debug|Any CPU
		{2BAA31D8-C5FF-4692-A94E-FA370501109F}.Debug|Any CPU.Build.0 = Debug|Any CPU
		{2BAA31D8-C5FF-4692-A94E-FA370501109F}.Release|Any CPU.ActiveCfg = Release|Any CPU
		{2BAA31D8-C5FF-4692-A94E-FA370501109F}.Release|Any CPU.Build.0 = Release|Any CPU
		{795D9346-D072-4B42-97E2-7EF00E0970C4}.Debug|Any CPU.ActiveCfg = Debug|Any CPU
		{795D9346-D072-4B42-97E2-7EF00E0970C4}.Debug|Any CPU.Build.0 = Debug|Any CPU
		{795D9346-D072-4B42-97E2-7EF00E0970C4}.Release|Any CPU.ActiveCfg = Release|Any CPU
		{795D9346-D072-4B42-97E2-7EF00E0970C4}.Release|Any CPU.Build.0 = Release|Any CPU
	EndGlobalSection
	GlobalSection(SolutionProperties) = preSolution
		HideSolutionNode = FALSE
	EndGlobalSection
	GlobalSection(ExtensibilityGlobals) = postSolution
		SolutionGuid = {3C28A7A8-914D-4270-8CF6-A2A4B12C4EC1}
	EndGlobalSection
EndGlobal
